
Microsoft Visual Studio Solution File, Format Version 12.00
# Visual Studio Version 17
VisualStudioVersion = 17.13.35931.197
MinimumVisualStudioVersion = 10.0.40219.1
Project("{8BC9CEB8-8B4A-11D0-8D11-00A0C91BC942}") = "Lexer", "Lexer\Lexer.vcxproj", "{4E4019F5-12E0-4EE2-9658-A0DD3038EEDA}"
EndProject
Project("{2150E333-8FDC-42A3-9474-1A3956D46DE8}") = "Frontend-Modules", "Frontend-Modules", "{02EA681E-C7D8-13C7-8484-4AC65E1B71E8}"
EndProject
Project("{8BC9CEB8-8B4A-11D0-8D11-00A0C91BC942}") = "Parser", "Parser\Parser.vcxproj", "{D6EAFB31-4AFD-4989-9522-D6609AC4ED64}"
EndProject
Project("{8BC9CEB8-8B4A-11D0-8D11-00A0C91BC942}") = "Generator", "IR-Generator\IR-Generator.vcxproj", "{C88042E2-0E09-4383-93F8-C79F9EE1E897}"
	ProjectSection(ProjectDependencies) = postProject
		{4E4019F5-12E0-4EE2-9658-A0DD3038EEDA} = {4E4019F5-12E0-4EE2-9658-A0DD3038EEDA}
		{D6EAFB31-4AFD-4989-9522-D6609AC4ED64} = {D6EAFB31-4AFD-4989-9522-D6609AC4ED64}
	EndProjectSection
EndProject
Project("{8BC9CEB8-8B4A-11D0-8D11-00A0C91BC942}") = "Linker", "Linker\Linker.vcxproj", "{043AFDA7-5AC5-4DD2-ACA8-029051E72961}"
EndProject
Project("{2150E333-8FDC-42A3-9474-1A3956D46DE8}") = "Backend-Modules", "Backend-Modules", "{E45BA655-FA9A-412B-BCD8-7F85E94859B8}"
EndProject
Project("{FAE04EC0-301F-11D3-BF4B-00C04F79EFBC}") = "LX-Build", "LX-Build\LX-Build.csproj", "{DE9DB560-F002-4922-98E6-558C3D04C607}"
	ProjectSection(ProjectDependencies) = postProject
		{043AFDA7-5AC5-4DD2-ACA8-029051E72961} = {043AFDA7-5AC5-4DD2-ACA8-029051E72961}
		{C88042E2-0E09-4383-93F8-C79F9EE1E897} = {C88042E2-0E09-4383-93F8-C79F9EE1E897}
	EndProjectSection
EndProject
Global
	GlobalSection(SolutionConfigurationPlatforms) = preSolution
		Debug|Any CPU = Debug|Any CPU
		Debug|x64 = Debug|x64
		Debug|x86 = Debug|x86
		Release|Any CPU = Release|Any CPU
		Release|x64 = Release|x64
		Release|x86 = Release|x86
	EndGlobalSection
	GlobalSection(ProjectConfigurationPlatforms) = postSolution
		{4E4019F5-12E0-4EE2-9658-A0DD3038EEDA}.Debug|Any CPU.ActiveCfg = Debug|x64
		{4E4019F5-12E0-4EE2-9658-A0DD3038EEDA}.Debug|Any CPU.Build.0 = Debug|x64
		{4E4019F5-12E0-4EE2-9658-A0DD3038EEDA}.Debug|x64.ActiveCfg = Debug|x64
		{4E4019F5-12E0-4EE2-9658-A0DD3038EEDA}.Debug|x64.Build.0 = Debug|x64
		{4E4019F5-12E0-4EE2-9658-A0DD3038EEDA}.Debug|x86.ActiveCfg = Debug|Win32
		{4E4019F5-12E0-4EE2-9658-A0DD3038EEDA}.Debug|x86.Build.0 = Debug|Win32
		{4E4019F5-12E0-4EE2-9658-A0DD3038EEDA}.Release|Any CPU.ActiveCfg = Release|x64
		{4E4019F5-12E0-4EE2-9658-A0DD3038EEDA}.Release|Any CPU.Build.0 = Release|x64
		{4E4019F5-12E0-4EE2-9658-A0DD3038EEDA}.Release|x64.ActiveCfg = Release|x64
		{4E4019F5-12E0-4EE2-9658-A0DD3038EEDA}.Release|x64.Build.0 = Release|x64
		{4E4019F5-12E0-4EE2-9658-A0DD3038EEDA}.Release|x86.ActiveCfg = Release|Win32
		{4E4019F5-12E0-4EE2-9658-A0DD3038EEDA}.Release|x86.Build.0 = Release|Win32
		{D6EAFB31-4AFD-4989-9522-D6609AC4ED64}.Debug|Any CPU.ActiveCfg = Debug|x64
		{D6EAFB31-4AFD-4989-9522-D6609AC4ED64}.Debug|Any CPU.Build.0 = Debug|x64
		{D6EAFB31-4AFD-4989-9522-D6609AC4ED64}.Debug|x64.ActiveCfg = Debug|x64
		{D6EAFB31-4AFD-4989-9522-D6609AC4ED64}.Debug|x64.Build.0 = Debug|x64
		{D6EAFB31-4AFD-4989-9522-D6609AC4ED64}.Debug|x86.ActiveCfg = Debug|Win32
		{D6EAFB31-4AFD-4989-9522-D6609AC4ED64}.Debug|x86.Build.0 = Debug|Win32
		{D6EAFB31-4AFD-4989-9522-D6609AC4ED64}.Release|Any CPU.ActiveCfg = Release|x64
		{D6EAFB31-4AFD-4989-9522-D6609AC4ED64}.Release|Any CPU.Build.0 = Release|x64
		{D6EAFB31-4AFD-4989-9522-D6609AC4ED64}.Release|x64.ActiveCfg = Release|x64
		{D6EAFB31-4AFD-4989-9522-D6609AC4ED64}.Release|x64.Build.0 = Release|x64
		{D6EAFB31-4AFD-4989-9522-D6609AC4ED64}.Release|x86.ActiveCfg = Release|Win32
		{D6EAFB31-4AFD-4989-9522-D6609AC4ED64}.Release|x86.Build.0 = Release|Win32
		{C88042E2-0E09-4383-93F8-C79F9EE1E897}.Debug|Any CPU.ActiveCfg = Debug|x64
		{C88042E2-0E09-4383-93F8-C79F9EE1E897}.Debug|Any CPU.Build.0 = Debug|x64
		{C88042E2-0E09-4383-93F8-C79F9EE1E897}.Debug|x64.ActiveCfg = Debug|x64
		{C88042E2-0E09-4383-93F8-C79F9EE1E897}.Debug|x64.Build.0 = Debug|x64
		{C88042E2-0E09-4383-93F8-C79F9EE1E897}.Debug|x86.ActiveCfg = Debug|Win32
		{C88042E2-0E09-4383-93F8-C79F9EE1E897}.Debug|x86.Build.0 = Debug|Win32
		{C88042E2-0E09-4383-93F8-C79F9EE1E897}.Release|Any CPU.ActiveCfg = Release|x64
		{C88042E2-0E09-4383-93F8-C79F9EE1E897}.Release|Any CPU.Build.0 = Release|x64
		{C88042E2-0E09-4383-93F8-C79F9EE1E897}.Release|x64.ActiveCfg = Release|x64
		{C88042E2-0E09-4383-93F8-C79F9EE1E897}.Release|x64.Build.0 = Release|x64
		{C88042E2-0E09-4383-93F8-C79F9EE1E897}.Release|x86.ActiveCfg = Release|Win32
		{C88042E2-0E09-4383-93F8-C79F9EE1E897}.Release|x86.Build.0 = Release|Win32
		{043AFDA7-5AC5-4DD2-ACA8-029051E72961}.Debug|Any CPU.ActiveCfg = Debug|x64
		{043AFDA7-5AC5-4DD2-ACA8-029051E72961}.Debug|Any CPU.Build.0 = Debug|x64
		{043AFDA7-5AC5-4DD2-ACA8-029051E72961}.Debug|x64.ActiveCfg = Debug|x64
		{043AFDA7-5AC5-4DD2-ACA8-029051E72961}.Debug|x64.Build.0 = Debug|x64
		{043AFDA7-5AC5-4DD2-ACA8-029051E72961}.Debug|x86.ActiveCfg = Debug|Win32
		{043AFDA7-5AC5-4DD2-ACA8-029051E72961}.Debug|x86.Build.0 = Debug|Win32
		{043AFDA7-5AC5-4DD2-ACA8-029051E72961}.Release|Any CPU.ActiveCfg = Release|x64
		{043AFDA7-5AC5-4DD2-ACA8-029051E72961}.Release|Any CPU.Build.0 = Release|x64
		{043AFDA7-5AC5-4DD2-ACA8-029051E72961}.Release|x64.ActiveCfg = Release|x64
		{043AFDA7-5AC5-4DD2-ACA8-029051E72961}.Release|x64.Build.0 = Release|x64
		{043AFDA7-5AC5-4DD2-ACA8-029051E72961}.Release|x86.ActiveCfg = Release|Win32
		{043AFDA7-5AC5-4DD2-ACA8-029051E72961}.Release|x86.Build.0 = Release|Win32
		{DE9DB560-F002-4922-98E6-558C3D04C607}.Debug|Any CPU.ActiveCfg = Debug|Any CPU
		{DE9DB560-F002-4922-98E6-558C3D04C607}.Debug|Any CPU.Build.0 = Debug|Any CPU
		{DE9DB560-F002-4922-98E6-558C3D04C607}.Debug|x64.ActiveCfg = Debug|Any CPU
		{DE9DB560-F002-4922-98E6-558C3D04C607}.Debug|x64.Build.0 = Debug|Any CPU
		{DE9DB560-F002-4922-98E6-558C3D04C607}.Debug|x86.ActiveCfg = Debug|Any CPU
		{DE9DB560-F002-4922-98E6-558C3D04C607}.Debug|x86.Build.0 = Debug|Any CPU
		{DE9DB560-F002-4922-98E6-558C3D04C607}.Release|Any CPU.ActiveCfg = Release|Any CPU
		{DE9DB560-F002-4922-98E6-558C3D04C607}.Release|Any CPU.Build.0 = Release|Any CPU
		{DE9DB560-F002-4922-98E6-558C3D04C607}.Release|x64.ActiveCfg = Release|Any CPU
		{DE9DB560-F002-4922-98E6-558C3D04C607}.Release|x64.Build.0 = Release|Any CPU
		{DE9DB560-F002-4922-98E6-558C3D04C607}.Release|x86.ActiveCfg = Release|Any CPU
		{DE9DB560-F002-4922-98E6-558C3D04C607}.Release|x86.Build.0 = Release|Any CPU
	EndGlobalSection
	GlobalSection(SolutionProperties) = preSolution
		HideSolutionNode = FALSE
	EndGlobalSection
	GlobalSection(NestedProjects) = preSolution
		{4E4019F5-12E0-4EE2-9658-A0DD3038EEDA} = {02EA681E-C7D8-13C7-8484-4AC65E1B71E8}
		{D6EAFB31-4AFD-4989-9522-D6609AC4ED64} = {02EA681E-C7D8-13C7-8484-4AC65E1B71E8}
		{C88042E2-0E09-4383-93F8-C79F9EE1E897} = {02EA681E-C7D8-13C7-8484-4AC65E1B71E8}
		{043AFDA7-5AC5-4DD2-ACA8-029051E72961} = {E45BA655-FA9A-412B-BCD8-7F85E94859B8}
	EndGlobalSection
	GlobalSection(ExtensibilityGlobals) = postSolution
		SolutionGuid = {411AFEC9-4075-4FCC-B95A-9288BC822E90}
	EndGlobalSection
EndGlobal
