<?xml version="1.0" encoding="utf-8"?>
<Project ToolsVersion="4.0" xmlns="http://schemas.microsoft.com/developer/msbuild/2003">
  <ItemGroup>
    <Filter Include="Source Files">
      <UniqueIdentifier>{4FC737F1-C7A5-4376-A066-2A32D752A2FF}</UniqueIdentifier>
      <Extensions>cpp;c;cc;cxx;c++;cppm;ixx;def;odl;idl;hpj;bat;asm;asmx</Extensions>
    </Filter>
    <Filter Include="Header Files">
      <UniqueIdentifier>{93995380-89BD-4b04-88EB-625FBE52EBFB}</UniqueIdentifier>
      <Extensions>h;hh;hpp;hxx;h++;hm;inl;inc;ipp;xsd</Extensions>
    </Filter>
    <Filter Include="Source Files\AST">
      <UniqueIdentifier>{344a1f33-e6b1-4bf7-b3b4-ec5b8c726d40}</UniqueIdentifier>
    </Filter>
  </ItemGroup>
  <ItemGroup>
    <ClCompile Include="src\Parser.cpp">
      <Filter>Source Files</Filter>
    </ClCompile>
    <ClCompile Include="src\GenIR.cpp">
      <Filter>Source Files</Filter>
    </ClCompile>
    <ClCompile Include="src\ParserErrors.cpp">
      <Filter>Source Files</Filter>
    </ClCompile>
    <ClCompile Include="inc\pch.cpp">
      <Filter>Header Files</Filter>
    </ClCompile>
    <ClCompile Include="src\AST\AST-Constructors.cpp">
      <Filter>Source Files\AST</Filter>
    </ClCompile>
    <ClCompile Include="src\AST\AST-LLVM.cpp">
      <Filter>Source Files\AST</Filter>
    </ClCompile>
    <ClCompile Include="src\AST\AST-Loggers.cpp">
      <Filter>Source Files\AST</Filter>
    </ClCompile>
    <ClCompile Include="src\Scope.cpp">
      <Filter>Source Files</Filter>
    </ClCompile>
  </ItemGroup>
  <ItemGroup>
    <ClInclude Include="inc\AST.h">
      <Filter>Header Files</Filter>
    </ClInclude>
    <ClInclude Include="inc\ParserErrors.h">
      <Filter>Header Files</Filter>
    </ClInclude>
    <ClInclude Include="inc\ParserInfo.h">
      <Filter>Header Files</Filter>
    </ClInclude>
    <ClInclude Include="inc\Scope.h">
      <Filter>Header Files</Filter>
    </ClInclude>
  </ItemGroup>
</Project>